github.com/google/uuid v1.6.0 h1:NIvaJDMOsjHA8n1jAhLSgzrAzy1Hgr+hNrb57e+94F0=
github.com/google/uuid v1.6.0/go.mod h1:TIyPZe4MgqvfeYDBFedMoGGpEw/LqOeaOT+nhxU+yHo=
github.com/joho/godotenv v1.5.1 h1:7eLL/+HRGLY0ldzfGMeQkb7vMd0as4CfYvUVzLqw0N0=
github.com/joho/godotenv v1.5.1/go.mod h1:f4LDr5Voq0i2e/R5DDNOoa2zzDfwtkZa6DnEwAbqwq4=
github.com/mark3labs/mcp-go v0.8.5 h1:s5oRwQfs83Jim3ZAcQMyUQNHzCEVIuGD12GV8vhJqqc=
github.com/mark3labs/mcp-go v0.8.5/go.mod h1:cjMlBU0cv/cj9kjlgmRhoJ5JREdS7YX83xeIG9Ko/jE=
github.com/mark3labs/mcp-go v0.18.0 h1:YuhgIVjNlTG2ZOwmrkORWyPTp0dz1opPEqvsPtySXao=
github.com/mark3labs/mcp-go v0.18.0/go.mod h1:KmJndYv7GIgcPVwEKJjNcbhVQ+hJGJhrCCB/9xITzpE=
github.com/yosida95/uritemplate/v3 v3.0.2 h1:Ed3Oyj9yrmi9087+NczuL5BwkIc4wvTb5zIM+UJPGz4=
github.com/yosida95/uritemplate/v3 v3.0.2/go.mod h1:ILOh0sOhIJR3+L/8afwt/kE++YT040gmv5BQTMR2HP4=
