github.com/google/uuid v1.6.0 h1:NIvaJDMOsjHA8n1jAhLSgzrAzy1Hgr+hNrb57e+94F0=
github.com/google/uuid v1.6.0/go.mod h1:TIyPZe4MgqvfeYDBFedMoGGpEw/LqOeaOT+nhxU+yHo=
github.com/mark3labs/mcp-go v0.8.3 h1:IzlyN8BaP4YwUMUDqxOGJhGdZXEDQiAPX43dNPgnzrg=
github.com/mark3labs/mcp-go v0.8.3/go.mod h1:cjMlBU0cv/cj9kjlgmRhoJ5JREdS7YX83xeIG9Ko/jE=
