github.com/dylibso/observe-sdk/go v0.0.0-20240819160327-2d926c5d788a h1:UwSIFv5g5lIvbGgtf3tVwC7Ky9rmMFBp0RMs+6f6YqE=
github.com/dylibso/observe-sdk/go v0.0.0-20240819160327-2d926c5d788a/go.mod h1:C8DzXehI4zAbrdlbtOByKX6pfivJTBiV9Jjqv56Yd9Q=
github.com/extism/go-sdk v1.2.0 h1:A0DnIMthdP8h6K9NbRpRs1PIXHOUlb/t/TZWk5eUzx4=
github.com/extism/go-sdk v1.2.0/go.mod h1:xUfKSEQndAvHBc1Ohdre0e+UdnRzUpVfbA8QLcx4fbY=
github.com/extism/go-sdk v1.6.1 h1:gkbkG5KzYKrv8mLggw5ojg/JulXfEbLIRVhbw9Ot7S0=
github.com/extism/go-sdk v1.6.1/go.mod h1:yRolc4PvIUQ9J/BBB3QZ5EY1MtXAN2jqBGDGR3Sk54M=
github.com/gobwas/glob v0.2.3 h1:A4xDbljILXROh+kObIiy5kIaPYD8e96x1tgBhUI5J+Y=
github.com/gobwas/glob v0.2.3/go.mod h1:d3Ez4x06l9bZtSvzIay5+Yzi0fmZzPgnTbPcKjJAkT8=
github.com/ianlancetaylor/demangle v0.0.0-20240805132620-81f5be970eca h1:T54Ema1DU8ngI+aef9ZhAhNGQhcRTrWxVeG07F+c/Rw=
github.com/ianlancetaylor/demangle v0.0.0-20240805132620-81f5be970eca/go.mod h1:gx7rwoVhcfuVKG5uya9Hs3Sxj7EIvldVofAWIUtGouw=
github.com/tetratelabs/wabin v0.0.0-20230304001439-f6f874872834 h1:ZF+QBjOI+tILZjBaFj3HgFonKXUcwgJ4djLb6i42S3Q=
github.com/tetratelabs/wabin v0.0.0-20230304001439-f6f874872834/go.mod h1:m9ymHTgNSEjuxvw8E7WWe4Pl4hZQHXONY8wE6dMLaRk=
github.com/tetratelabs/wazero v1.7.2 h1:1+z5nXJNwMLPAWaTePFi49SSTL0IMx/i3Fg8Yc25GDc=
github.com/tetratelabs/wazero v1.7.2/go.mod h1:ytl6Zuh20R/eROuyDaGPkp82O9C/DJfXAwJfQ3X6/7Y=
github.com/tetratelabs/wazero v1.8.2 h1:yIgLR/b2bN31bjxwXHD8a3d+BogigR952csSDdLYEv4=
github.com/tetratelabs/wazero v1.8.2/go.mod h1:yAI0XTsMBhREkM/YDAK/zNou3GoiAce1P6+rp/wQhjs=
go.opentelemetry.io/proto/otlp v1.3.1 h1:TrMUixzpM0yuc/znrFTP9MMRh8trP93mkCiDVeXrui0=
go.opentelemetry.io/proto/otlp v1.3.1/go.mod h1:0X1WI4de4ZsLrrJNLAQbFeLCm3T7yBkR0XqQ7niQU+8=
google.golang.org/protobuf v1.34.2 h1:6xV6lTsCfpGD21XK49h7MhtcApnLqkfYgPcdHftf6hg=
google.golang.org/protobuf v1.34.2/go.mod h1:qYOHts0dSfpeUzUFpOMr/WGzszTmLH+DiWniOlNbLDw=
