github.com/extism/go-sdk v1.2.0 h1:A0DnIMthdP8h6K9NbRpRs1PIXHOUlb/t/TZWk5eUzx4=
github.com/extism/go-sdk v1.2.0/go.mod h1:xUfKSEQndAvHBc1Ohdre0e+UdnRzUpVfbA8QLcx4fbY=
github.com/gobwas/glob v0.2.3 h1:A4xDbljILXROh+kObIiy5kIaPYD8e96x1tgBhUI5J+Y=
github.com/gobwas/glob v0.2.3/go.mod h1:d3Ez4x06l9bZtSvzIay5+Yzi0fmZzPgnTbPcKjJAkT8=
github.com/tetratelabs/wazero v1.7.2 h1:1+z5nXJNwMLPAWaTePFi49SSTL0IMx/i3Fg8Yc25GDc=
github.com/tetratelabs/wazero v1.7.2/go.mod h1:ytl6Zuh20R/eROuyDaGPkp82O9C/DJfXAwJfQ3X6/7Y=
